PODS:
  - Alamofire (4.4.0)
  - GMStepper (2.0.1)
  - PromiseKit (4.2.2):
    - PromiseKit/Foundation (= 4.2.2)
    - PromiseKit/QuartzCore (= 4.2.2)
    - PromiseKit/UIKit (= 4.2.2)
  - PromiseKit/CorePromise (4.2.2)
  - PromiseKit/Foundation (4.2.2):
    - PromiseKit/CorePromise
  - PromiseKit/QuartzCore (4.2.2):
    - PromiseKit/CorePromise
  - PromiseKit/UIKit (4.2.2):
    - PromiseKit/CorePromise
  - Realm (2.10.1):
    - Realm/Headers (= 2.10.1)
  - Realm/Headers (2.10.1)
  - RealmSwift (2.10.1):
    - Realm (= 2.10.1)
  - SnapKit (3.2.0)

DEPENDENCIES:
  - Alamofire (~> 4.4)
  - GMStepper (= 2.0.1)
  - PromiseKit (~> 4.0)
  - RealmSwift (= 2.10.1)
  - SnapKit (~> 3.2.0)

SPEC CHECKSUMS:
  Alamofire: dc44b1600b800eb63da6a19039a0083d62a6a62d
  GMStepper: 7e20c3cd9fd5ce23e2614f19e66ab97fee727160
  PromiseKit: 00e8886881f151c7e573d06b437915b0bb2970ec
  Realm: fc7a317a5c2c9ba91f5f235ede4e2ea76e9eba0c
  RealmSwift: 505ed6c15942a2e76f5cfa78a8667cfa997ee75b
  SnapKit: 1ca44df72cfa543218d177cb8aab029d10d86ea7

PODFILE CHECKSUM: 53ff3bd8135994bfa960b4e78ed29e59edc3ed27

COCOAPODS: 1.2.1
